
Microsoft Visual Studio Solution File, Format Version 12.00
# Visual Studio Version 16
VisualStudioVersion = 16.0.29123.88
MinimumVisualStudioVersion = 10.0.40219.1
Project("{FAE04EC0-301F-11D3-BF4B-00C04F79EFBC}") = "BookStoreApp", "BookStoreApp\BookStoreApp.csproj", "{017E46CF-F999-4123-963F-C053937E0ECD}"
EndProject
Global
	GlobalSection(SolutionConfigurationPlatforms) = preSolution
		Debug|Any CPU = Debug|Any CPU
		Release|Any CPU = Release|Any CPU
	EndGlobalSection
	GlobalSection(ProjectConfigurationPlatforms) = postSolution
		{017E46CF-F999-4123-963F-C053937E0ECD}.Debug|Any CPU.ActiveCfg = Debug|Any CPU
		{017E46CF-F999-4123-963F-C053937E0ECD}.Debug|Any CPU.Build.0 = Debug|Any CPU
		{017E46CF-F999-4123-963F-C053937E0ECD}.Release|Any CPU.ActiveCfg = Release|Any CPU
		{017E46CF-F999-4123-963F-C053937E0ECD}.Release|Any CPU.Build.0 = Release|Any CPU
	EndGlobalSection
	GlobalSection(SolutionProperties) = preSolution
		HideSolutionNode = FALSE
	EndGlobalSection
	GlobalSection(ExtensibilityGlobals) = postSolution
		SolutionGuid = {2D929F14-CADB-443D-89F8-032AD22067C6}
	EndGlobalSection
EndGlobal
